PODS:
  - Flutter (1.0.0)
  - integration_test (0.0.1):
    - Flutter
  - yuno_flutter_plugin (0.0.2):
    - Flutter
    - YunoSDK (= 1.13.0)
  - YunoSDK (1.13.0)

DEPENDENCIES:
  - Flutter (from `Flutter`)
  - integration_test (from `.symlinks/plugins/integration_test/ios`)
  - yuno_flutter_plugin (from `.symlinks/plugins/yuno_flutter_plugin/ios`)

SPEC REPOS:
  trunk:
    - YunoSDK

EXTERNAL SOURCES:
  Flutter:
    :path: Flutter
  integration_test:
    :path: ".symlinks/plugins/integration_test/ios"
  yuno_flutter_plugin:
    :path: ".symlinks/plugins/yuno_flutter_plugin/ios"

SPEC CHECKSUMS:
  Flutter: e0871f40cf51350855a761d2e70bf5af5b9b5de7
  integration_test: ce0a3ffa1de96d1a89ca0ac26fca7ea18a749ef4
  yuno_flutter_plugin: fc34bbd9bd5b4801b8a61a96004b31ef2b3dd751
  YunoSDK: a5b04912d342e106f53de1f8cedf14f20c0fa0ad

PODFILE CHECKSUM: 351dbda8241c6ae667acbc7bc0353a0d9978d7f1

COCOAPODS: 1.15.2
